
Microsoft Visual Studio Solution File, Format Version 12.00
# Visual Studio Version 17
VisualStudioVersion = 17.13.35825.156 d17.13
MinimumVisualStudioVersion = 10.0.40219.1
Project("{FAE04EC0-301F-11D3-BF4B-00C04F79EFBC}") = "KnapsackProblemFinal", "KnapsackProblemFinal.csproj", "{BF37EA10-A23A-4AA5-929F-C835A16A770D}"
EndProject
Project("{FAE04EC0-301F-11D3-BF4B-00C04F79EFBC}") = "KnapsackTest", "..\KnapsackTest\KnapsackTest.csproj", "{F3A12D1D-A76B-41D2-BE84-19545846999D}"
EndProject
Project("{FAE04EC0-301F-11D3-BF4B-00C04F79EFBC}") = "KnapsackProblemApp", "..\KnapsackProblemApp\KnapsackProblemApp.csproj", "{C2537420-944B-4B7A-A722-08BF07DE321F}"
EndProject
Global
	GlobalSection(SolutionConfigurationPlatforms) = preSolution
		Debug|Any CPU = Debug|Any CPU
		Release|Any CPU = Release|Any CPU
	EndGlobalSection
	GlobalSection(ProjectConfigurationPlatforms) = postSolution
		{BF37EA10-A23A-4AA5-929F-C835A16A770D}.Debug|Any CPU.ActiveCfg = Debug|Any CPU
		{BF37EA10-A23A-4AA5-929F-C835A16A770D}.Debug|Any CPU.Build.0 = Debug|Any CPU
		{BF37EA10-A23A-4AA5-929F-C835A16A770D}.Release|Any CPU.ActiveCfg = Release|Any CPU
		{BF37EA10-A23A-4AA5-929F-C835A16A770D}.Release|Any CPU.Build.0 = Release|Any CPU
		{F3A12D1D-A76B-41D2-BE84-19545846999D}.Debug|Any CPU.ActiveCfg = Debug|Any CPU
		{F3A12D1D-A76B-41D2-BE84-19545846999D}.Debug|Any CPU.Build.0 = Debug|Any CPU
		{F3A12D1D-A76B-41D2-BE84-19545846999D}.Release|Any CPU.ActiveCfg = Release|Any CPU
		{F3A12D1D-A76B-41D2-BE84-19545846999D}.Release|Any CPU.Build.0 = Release|Any CPU
		{C2537420-944B-4B7A-A722-08BF07DE321F}.Debug|Any CPU.ActiveCfg = Debug|Any CPU
		{C2537420-944B-4B7A-A722-08BF07DE321F}.Debug|Any CPU.Build.0 = Debug|Any CPU
		{C2537420-944B-4B7A-A722-08BF07DE321F}.Release|Any CPU.ActiveCfg = Release|Any CPU
		{C2537420-944B-4B7A-A722-08BF07DE321F}.Release|Any CPU.Build.0 = Release|Any CPU
	EndGlobalSection
	GlobalSection(SolutionProperties) = preSolution
		HideSolutionNode = FALSE
	EndGlobalSection
	GlobalSection(ExtensibilityGlobals) = postSolution
		SolutionGuid = {56254504-0B93-4943-A950-680520B1BAFE}
	EndGlobalSection
EndGlobal
